
Microsoft Visual Studio Solution File, Format Version 12.00
Project("{FAE04EC0-301F-11D3-BF4B-00C04F79EFBC}") = "JobScraper", "JobScraper\JobScraper.csproj", "{E57966E9-EA4F-4A50-9E0D-95E3B8F5265F}"
EndProject
Project("{FAE04EC0-301F-11D3-BF4B-00C04F79EFBC}") = "JobScraper.Domain", "JobScraper.Domain\JobScraper.Domain.csproj", "{D3E4EC6C-F8E1-4E38-8B05-FEF12D1E8CD8}"
EndProject
Project("{FAE04EC0-301F-11D3-BF4B-00C04F79EFBC}") = "JobScraper.Infrastructure", "JobScraper.Infrastructure\JobScraper.Infrastructure.csproj", "{4BCCB5AA-C8D5-416F-8A47-53482197FDAC}"
EndProject
Project("{FAE04EC0-301F-11D3-BF4B-00C04F79EFBC}") = "JobScraper.Application", "JobScraper.Application\JobScraper.Application.csproj", "{B208EEF1-5D7C-43AA-BED0-003562B1D9D0}"
EndProject
Project("{FAE04EC0-301F-11D3-BF4B-00C04F79EFBC}") = "JobScraper.Tests", "JobScraper.Tests\JobScraper.Tests.csproj", "{5DF90367-4185-4751-85E0-3D7C679447B9}"
EndProject
Global
	GlobalSection(SolutionConfigurationPlatforms) = preSolution
		Debug|Any CPU = Debug|Any CPU
		Release|Any CPU = Release|Any CPU
	EndGlobalSection
	GlobalSection(ProjectConfigurationPlatforms) = postSolution
		{E57966E9-EA4F-4A50-9E0D-95E3B8F5265F}.Debug|Any CPU.ActiveCfg = Debug|Any CPU
		{E57966E9-EA4F-4A50-9E0D-95E3B8F5265F}.Debug|Any CPU.Build.0 = Debug|Any CPU
		{E57966E9-EA4F-4A50-9E0D-95E3B8F5265F}.Release|Any CPU.ActiveCfg = Release|Any CPU
		{E57966E9-EA4F-4A50-9E0D-95E3B8F5265F}.Release|Any CPU.Build.0 = Release|Any CPU
		{D3E4EC6C-F8E1-4E38-8B05-FEF12D1E8CD8}.Debug|Any CPU.ActiveCfg = Debug|Any CPU
		{D3E4EC6C-F8E1-4E38-8B05-FEF12D1E8CD8}.Debug|Any CPU.Build.0 = Debug|Any CPU
		{D3E4EC6C-F8E1-4E38-8B05-FEF12D1E8CD8}.Release|Any CPU.ActiveCfg = Release|Any CPU
		{D3E4EC6C-F8E1-4E38-8B05-FEF12D1E8CD8}.Release|Any CPU.Build.0 = Release|Any CPU
		{4BCCB5AA-C8D5-416F-8A47-53482197FDAC}.Debug|Any CPU.ActiveCfg = Debug|Any CPU
		{4BCCB5AA-C8D5-416F-8A47-53482197FDAC}.Debug|Any CPU.Build.0 = Debug|Any CPU
		{4BCCB5AA-C8D5-416F-8A47-53482197FDAC}.Release|Any CPU.ActiveCfg = Release|Any CPU
		{4BCCB5AA-C8D5-416F-8A47-53482197FDAC}.Release|Any CPU.Build.0 = Release|Any CPU
		{B208EEF1-5D7C-43AA-BED0-003562B1D9D0}.Debug|Any CPU.ActiveCfg = Debug|Any CPU
		{B208EEF1-5D7C-43AA-BED0-003562B1D9D0}.Debug|Any CPU.Build.0 = Debug|Any CPU
		{B208EEF1-5D7C-43AA-BED0-003562B1D9D0}.Release|Any CPU.ActiveCfg = Release|Any CPU
		{B208EEF1-5D7C-43AA-BED0-003562B1D9D0}.Release|Any CPU.Build.0 = Release|Any CPU
		{5DF90367-4185-4751-85E0-3D7C679447B9}.Debug|Any CPU.ActiveCfg = Debug|Any CPU
		{5DF90367-4185-4751-85E0-3D7C679447B9}.Debug|Any CPU.Build.0 = Debug|Any CPU
		{5DF90367-4185-4751-85E0-3D7C679447B9}.Release|Any CPU.ActiveCfg = Release|Any CPU
		{5DF90367-4185-4751-85E0-3D7C679447B9}.Release|Any CPU.Build.0 = Release|Any CPU
	EndGlobalSection
EndGlobal
